github.com/BurntSushi/toml v0.3.1 h1:WXkYYl6Yr3qBf1K79EBnL4mak0OimBfB0XUf9Vl28OQ=
github.com/BurntSushi/toml v0.3.1/go.mod h1:xHWCNGjB5oqiDr8zfno3MHue2Ht5sIBksp03qcyfWMU=
github.com/EllipX/ellipxobj v0.0.33 h1:0EGX/SyeeOejl22wGZqUfZq2xmvv5oid0gFytSGL6+g=
github.com/EllipX/ellipxobj v0.0.33/go.mod h1:y3B7/seBXxKkZtgSS20nO3GmmLDmbqTbuY6+1Cf/hJs=
github.com/EllipX/ellipxobj v0.1.6 h1:Qi/dj9SAMiZAJA6bBFJe1y3u0u8N/w+aDnfYuXuk7Y8=
github.com/EllipX/ellipxobj v0.1.6/go.mod h1:SCOmcpQs9rlMT9NYKtm1x+UpLOFmuQ8UTH/JXbM+fec=
github.com/EllipX/ellipxobj v0.1.7 h1:roDCToZB/kbLqU40NZt32sph4WgaPSEDVPI5IVPi0t0=
github.com/EllipX/ellipxobj v0.1.7/go.mod h1:SCOmcpQs9rlMT9NYKtm1x+UpLOFmuQ8UTH/JXbM+fec=
github.com/EllipX/ellipxobj v0.1.9 h1:BbD2qlq1eYNjQux8r/4vaiR3/nqERNPLZJlVf19UDLg=
github.com/EllipX/ellipxobj v0.1.9/go.mod h1:SCOmcpQs9rlMT9NYKtm1x+UpLOFmuQ8UTH/JXbM+fec=
github.com/KarpelesLab/apirouter v0.5.9 h1:CjoPqoWGjQcmly43BOVsEZaYQt3ZofE6kRioPFgVZx4=
github.com/KarpelesLab/apirouter v0.5.9/go.mod h1:v68/e0qSZnmlg6Hg2oBN7OAAB2HAM0Bg+UWSgUtheHI=
github.com/KarpelesLab/apirouter v0.5.21 h1:6p2a9b+ulD8Ub+jqI5Wkhtk9dG1vLJJ9l2992p/xtYc=
github.com/KarpelesLab/apirouter v0.5.21/go.mod h1:hfEgTkNyqDiNhCYklRJdApFvJfquv4+3MJvd6YSuvto=
github.com/KarpelesLab/apirouter v0.5.26 h1:tCAuPBxbZnQPPoHY+gNpi3A77kjRcpvfkgjpGc2glrA=
github.com/KarpelesLab/apirouter v0.5.26/go.mod h1:CIU471fMmgY0O7RvXAZ8CVxzNl5Xw2a/9gSIGMIEeKQ=
github.com/KarpelesLab/contexter v1.0.2 h1:ZDKROIjv0BL+vSQeXCgGTZT08SOK6MnAyRCsUmyDCpw=
github.com/KarpelesLab/contexter v1.0.2/go.mod h1:jjAIzb8zc35UgjctpQ5OtxvoLQun9hDYORDtu+UdrZc=
github.com/KarpelesLab/countrydb v0.1.3 h1:c2D02POPadNaZfocys3WCwJd8fW9xxufUrXaseOUd5k=
github.com/KarpelesLab/countrydb v0.1.3/go.mod h1:jjnWzj4wTWGkRFh03ZUx3SLucaM4beCtroFgXv+xfUs=
github.com/KarpelesLab/cryptutil v0.2.30 h1:Klc8qeNsSH1R0ekaZjRdjA8cgzAuurpbxaO5LEcYScA=
github.com/KarpelesLab/cryptutil v0.2.30/go.mod h1:2gBM1JlpscOqYSE08hoOug3pFpR2Hh6EV/6aK7ZANqQ=
github.com/KarpelesLab/currencydb v0.1.4 h1:GW19JzkY5VN3YYt3pY2DS9ALznXYYIrfRSknTbCpuUk=
github.com/KarpelesLab/currencydb v0.1.4/go.mod h1:xF2xEc/uVfhfdv+Paesi28BfqvMkXRuwohG6RBU5Ip8=
github.com/KarpelesLab/emitter v0.2.1 h1:DlWLjZAa2c9wc02K5f4zHAt0Jv1C1tQgLgT7VbF7yYI=
github.com/KarpelesLab/emitter v0.2.1/go.mod h1:JOaQADpNVN0OJfhkDurRCUkMEotPM8Pukh3DadTOY+4=
github.com/KarpelesLab/emitter v0.2.2 h1:GZqeqEPmBfnFHnPzipYn0yqQqgufmhPWTMJZOquo8NM=
github.com/KarpelesLab/emitter v0.2.2/go.mod h1:JOaQADpNVN0OJfhkDurRCUkMEotPM8Pukh3DadTOY+4=
github.com/KarpelesLab/emitter v0.3.0 h1:Q1ggg/ZTohxiwYhm5H4C9phzq1RPNOi9MmWT5HuTSLQ=
github.com/KarpelesLab/emitter v0.3.0/go.mod h1:JOaQADpNVN0OJfhkDurRCUkMEotPM8Pukh3DadTOY+4=
github.com/KarpelesLab/feapi v0.2.3 h1:3NGIno3KYdz8V2pMY6tBUY9z0uefhGVd0rZPowAyG+Y=
github.com/KarpelesLab/feapi v0.2.3/go.mod h1:1rQ3TA2zgVxHcQf+3At3oeS8jVkuK471SxoNXbP1aT8=
github.com/KarpelesLab/feapi v0.2.4 h1:rf+51vAQGfqIJEyOzOVNlg1FIeEPTAuIAJuh+D6xJAo=
github.com/KarpelesLab/feapi v0.2.4/go.mod h1:1rQ3TA2zgVxHcQf+3At3oeS8jVkuK471SxoNXbP1aT8=
github.com/KarpelesLab/jwt v0.1.7 h1:vvxtrDn5cfek1sh7aLUj0HmzYMutYelCKKTWVdwt43w=
github.com/KarpelesLab/jwt v0.1.7/go.mod h1:rv2G7Sx+iXO9KH6qCL0SIRordO0FTxLTUwh8GUbtmbY=
github.com/KarpelesLab/jwt v0.1.11 h1:oEIHZz78qJhs3zzxsjubOTvrE/RXy44oRa3Ul/TGTxU=
github.com/KarpelesLab/jwt v0.1.11/go.mod h1:rv2G7Sx+iXO9KH6qCL0SIRordO0FTxLTUwh8GUbtmbY=
github.com/KarpelesLab/klbslog v0.3.5 h1:xJRqjU4xaODamTqyOyzr7gJorUhWpDLEAJ4Bipt8RPM=
github.com/KarpelesLab/klbslog v0.3.5/go.mod h1:bssooYDBqqeKWFEUpfJh7RGW39xcYptS3+ESq2hM6d4=
github.com/KarpelesLab/lngdb v1.0.0 h1:PrnpXYnt0G2rBCSRIUeCwnGKT0gTVT2X5cd1EnBzQyg=
github.com/KarpelesLab/lngdb v1.0.0/go.mod h1:UTxBZsxyc+YPXpUy38NQjCrS+V9ZPFv5sDXE5iuxdh8=
github.com/KarpelesLab/pjson v0.1.9 h1:JVmm61sLRVb+5YkUDacgM1FlB9CTOsCUhEvF+OzUMf0=
github.com/KarpelesLab/pjson v0.1.9/go.mod h1:gb4uSTld7I2kO2WvLdat1mN1brsS1hzSR+dWw1hL3iU=
github.com/KarpelesLab/pobj v0.1.5 h1:vZ6W9FrzVLOYAzxj7CCd0PRQVb78n1dXg/KtmrBo7/k=
github.com/KarpelesLab/pobj v0.1.5/go.mod h1:U368tFP4t7k4Jzw9gsQjMZ+wQAXFXqUsAnYZJMIrDgQ=
github.com/KarpelesLab/pobj v0.2.0 h1:YgiXaLACLkIAFDzOH7sXB3dKWQbAAYwCC200e2tyFzE=
github.com/KarpelesLab/pobj v0.2.0/go.mod h1:G03Fhv4ikiKZ82XXYQgFzr0sGOM7xpqGdhC0DRD0mmc=
github.com/KarpelesLab/putil v1.0.0 h1:Izcq875a731K80tkyJdQOB+vMmmHzLZu7orjbu+sGys=
github.com/KarpelesLab/putil v1.0.0/go.mod h1:hT01D0rV4QiRXRMTTGvjv0T8N1SJ6+gCg8KMscUpemk=
github.com/KarpelesLab/rest v0.5.22 h1:mYWGskV/MqVQ69gExEIjUN8L3I9mj14ycAo+5gzotB8=
github.com/KarpelesLab/rest v0.5.22/go.mod h1:gyfOwg6NG8OWSNHj07rwr0VNKowSjJ7pgP/kNk4Lci4=
github.com/KarpelesLab/rest v0.5.23 h1:yxUtcNikVB+H1iYz5DdglxBHmiO8kqA+ynM9lImfGIs=
github.com/KarpelesLab/rest v0.5.23/go.mod h1:gyfOwg6NG8OWSNHj07rwr0VNKowSjJ7pgP/kNk4Lci4=
github.com/KarpelesLab/ringslice v0.1.1 h1:qJNai4Tj9KvK7xwCflrUJF3gQreiTYFdro6UUbhiFx0=
github.com/KarpelesLab/ringslice v0.1.1/go.mod h1:zgkPNTVpFNkUQNPOd9LglWQKSWjUnL+EWJOe3zBO+RU=
github.com/KarpelesLab/spotlib v0.2.7 h1:zZjeIgs2AqEb9ebPcvWMKuMPih7U/lK4HfhMLG6FDXY=
github.com/KarpelesLab/spotlib v0.2.7/go.mod h1:oNuv75RiwlFKfGGhwLZ31bfHVWOngz1jF+5v0Um3MsQ=
github.com/KarpelesLab/spotlib v0.2.15 h1:wiYgfuFibA+KDS6knbPYl6Bt2cGfedRZ6WZhUSf7GbQ=
github.com/KarpelesLab/spotlib v0.2.15/go.mod h1:zhwPIUpdyGAL/WXBDr+QXQJvyvBHwZEX2OAyRVvYQFk=
github.com/KarpelesLab/spotproto v0.2.0 h1:2ZswrQ0yf/PmTdHc5gzZiiB+0A/ErGv+vsJ5lfufBYo=
github.com/KarpelesLab/spotproto v0.2.0/go.mod h1:y4NmEkiK2i+INDka6rtc2C15khAGQRMRAqaW9oCJrE0=
github.com/KarpelesLab/typutil v0.2.26 h1:SPSYb8ntPZ+zlSxiU9SNAjRTglHiQRX6hQ38Kcq/m/0=
github.com/KarpelesLab/typutil v0.2.26/go.mod h1:AAFzwyeM5datR6N5pGy8VrihZacfVS4ktC+AKp3VIrQ=
github.com/KarpelesLab/typutil v0.2.27 h1:DPm//KDynu9J73owN7WxM0vL6yVx1zCqIk4BpIQAdGg=
github.com/KarpelesLab/typutil v0.2.27/go.mod h1:AAFzwyeM5datR6N5pGy8VrihZacfVS4ktC+AKp3VIrQ=
github.com/KarpelesLab/typutil v0.2.29 h1:lyo+5MAVOxDbZrTeotrhhLY6jfN+CwVrMm8ms/ZYsQc=
github.com/KarpelesLab/typutil v0.2.29/go.mod h1:AAFzwyeM5datR6N5pGy8VrihZacfVS4ktC+AKp3VIrQ=
github.com/KarpelesLab/webutil v0.2.2 h1:FsUwiLAjMDZj9zaSL4hzg2SWgJa9tQzM1A1w15RAGHw=
github.com/KarpelesLab/webutil v0.2.2/go.mod h1:AKTsmoimqwSdJHtZzBnvxcjQv3lgyw/GVJFVyXaDilU=
github.com/KarpelesLab/xuid v0.1.8 h1:GzqByiISkl7LvYQOymiFCoyk2qy+gVNJLZcWTN8NyiA=
github.com/KarpelesLab/xuid v0.1.8/go.mod h1:rkjxIJ8AwyRab6ywM2LIaqwt1eSrAG0nieb0VF8mFjE=
github.com/ModChain/base58 v1.0.0 h1:QFm7L896+3n6ie8++cXRJM7S2k2GW/QohrfoxJExHKU=
github.com/ModChain/base58 v1.0.0/go.mod h1:/FvdI5MHtcByk2Hn/3F1TuaqLjZ3R9MvDS1Z7fd6Qyc=
github.com/ModChain/base58 v1.0.3 h1:gEy1QGrN+PIdpF9Zvv6+BfDROPNcvviprJuU6SM0t14=
github.com/ModChain/base58 v1.0.3/go.mod h1:/FvdI5MHtcByk2Hn/3F1TuaqLjZ3R9MvDS1Z7fd6Qyc=
github.com/ModChain/bech32m v0.1.4 h1:M7P8xZ+iTLP8bl3BYXPkOWsto/kIAiVrdPmXd4ymQNU=
github.com/ModChain/bech32m v0.1.4/go.mod h1:xU5rO3ovmBPGNnDhxkLrGjOeq1bTpx4sVaOzENtqFck=
github.com/ModChain/blake256 v1.0.0 h1:vb7gZysbj11mLbFt+8gziLeym2hoUSwBL/rsY/fx97M=
github.com/ModChain/blake256 v1.0.0/go.mod h1:zMUHG1Ql6mII1oJSAm1U7sOaum+olU5fz2A1vYmWsO4=
github.com/ModChain/edwards25519 v1.0.0 h1:Geww/chivFY6E/mZgA4chVf4HWvUgJ1LdRZ0v2d25Eo=
github.com/ModChain/edwards25519 v1.0.0/go.mod h1:kjiZ1iVWnsHVMHeIgWFu26ik6/jPlE+c9MrfO5wbLm4=
github.com/ModChain/edwards25519 v1.0.1 h1:BacxhRtCEu+pLWZhN3lJmFmXZkuoxEaCP7ICMP7YC70=
github.com/ModChain/edwards25519 v1.0.1/go.mod h1:kjiZ1iVWnsHVMHeIgWFu26ik6/jPlE+c9MrfO5wbLm4=
github.com/ModChain/ethrpc v0.1.5 h1:34M8rKc2KPdLrIEmKv5rSXyAG00Uz8s81DbDQ4wfBK8=
github.com/ModChain/ethrpc v0.1.5/go.mod h1:9l+8j3tzGfdd8EGnT3pyTRVLjzr73AsVPILMRroRIt0=
github.com/ModChain/ethrpc v0.2.3 h1:za4/VH5mXbf/k0tN/By0/5KkOmSc15Afc6KtnNAwRZA=
github.com/ModChain/ethrpc v0.2.3/go.mod h1:egUGmkgnfDmMsxd8bfgSwpTyrLORPu5VNRWuMO/HEzE=
github.com/ModChain/outscript v0.2.5 h1:Gmp5LxBWjS/5klA9++tJOvSNhNCDwrGcL6mwPlNVLzA=
github.com/ModChain/outscript v0.2.5/go.mod h1:oqRO8SIzn/obiQ9sBH/bca8dNlIYs9xizbsxd9R5jE4=
github.com/ModChain/outscript v0.2.6 h1:MzhJh2CE+Ik3Bl02qc9bkcvNMD0c+LKOjt5Y/y9btIs=
github.com/ModChain/outscript v0.2.6/go.mod h1:aFgkZJagtFWSEQ8fN5bf3qp43JwXnsmzEnYgQzxE9HA=
github.com/ModChain/outscript v0.2.18 h1:usOnmA5jyjQALk3XTukIUEQIjmkMT9OGkzD8h+iMkTk=
github.com/ModChain/outscript v0.2.18/go.mod h1:aFgkZJagtFWSEQ8fN5bf3qp43JwXnsmzEnYgQzxE9HA=
github.com/ModChain/outscript v0.2.19 h1:IW3x2lUXxrK16iKfxZqjFCSvIhj2+q3ve7UZw5ozoKM=
github.com/ModChain/outscript v0.2.19/go.mod h1:aFgkZJagtFWSEQ8fN5bf3qp43JwXnsmzEnYgQzxE9HA=
github.com/ModChain/outscript v0.2.22 h1:sLhPKh2lHHV1l6sNl6z7zqV0UcpzndiPp7z6Tv1qyxk=
github.com/ModChain/outscript v0.2.22/go.mod h1:aFgkZJagtFWSEQ8fN5bf3qp43JwXnsmzEnYgQzxE9HA=
github.com/ModChain/outscript v0.2.25 h1:uwGN2zUaBcW81QqCNwi6e1BNtGgxEZSPhwRgRwKYgR0=
github.com/ModChain/outscript v0.2.25/go.mod h1:aFgkZJagtFWSEQ8fN5bf3qp43JwXnsmzEnYgQzxE9HA=
github.com/ModChain/rlp v0.1.3 h1:KB1OferGsYoxg6FjSo/sdrseUSLLedL7qYAK1PDsXzU=
github.com/ModChain/rlp v0.1.3/go.mod h1:hwFkPyMGBgwsEZZmmjbie1ncEqOz5EyrD3hvkT2mVFo=
github.com/ModChain/secp256k1 v0.2.5 h1:jQTNpyJK8tnAT9EHAkAlTOOZFb2tJN8ppM/NVwjydAU=
github.com/ModChain/secp256k1 v0.2.5/go.mod h1:vTpIWi8Ht25xL0QXI77Zw6lPs9NKDFBMjYsnQ0RaLsw=
github.com/ModChain/secp256k1 v0.2.6 h1:D37Si7pEW5Iwha8ip0NLdxpZ826SPXs+VjoZG0+QEKo=
github.com/ModChain/secp256k1 v0.2.6/go.mod h1:vTpIWi8Ht25xL0QXI77Zw6lPs9NKDFBMjYsnQ0RaLsw=
github.com/ModChain/secp256k1 v0.2.7 h1:tdB3SCtaxImtbc1zvRXKqmumA07Mq67OLbt6F1mKzro=
github.com/ModChain/secp256k1 v0.2.7/go.mod h1:vTpIWi8Ht25xL0QXI77Zw6lPs9NKDFBMjYsnQ0RaLsw=
github.com/ModChain/tss-lib/v2 v2.1.3 h1:smTh6T7sxRPQ7aGr/+16DVtCqVzFLyjxeHmwd5wMUTk=
github.com/ModChain/tss-lib/v2 v2.1.3/go.mod h1:rbVKewJpRLd/4naGC4aQBEPOgdVPfg0/kB3+eRFzsxk=
github.com/ModChain/tss-lib/v2 v2.1.4 h1:+KqJUS06V2HVPT85bnaNYtw1HKZfWaNBUCuLREU6J+w=
github.com/ModChain/tss-lib/v2 v2.1.4/go.mod h1:rbVKewJpRLd/4naGC4aQBEPOgdVPfg0/kB3+eRFzsxk=
github.com/benbjohnson/clock v1.1.0/go.mod h1:J11/hYXuz8f4ySSvYwY0FKfm+ezbsZBKZxNJlLklBHA=
github.com/coder/websocket v1.8.12 h1:5bUXkEPPIbewrnkU8LTCLVaxi4N4J8ahufH2vlo4NAo=
github.com/coder/websocket v1.8.12/go.mod h1:LNVeNrXQZfe5qhS9ALED3uA+l5pPqvwXg3CKoDBB2gs=
github.com/davecgh/go-spew v1.1.0/go.mod h1:J7Y8YcW2NihsgmVo/mv3lAwl/skON4iLHjSsI+c5H38=
github.com/davecgh/go-spew v1.1.1 h1:vj9j/u1bqnvCEfJOwUhtlOARqs3+rkHYY13jYWTU97c=
github.com/davecgh/go-spew v1.1.1/go.mod h1:J7Y8YcW2NihsgmVo/mv3lAwl/skON4iLHjSsI+c5H38=
github.com/dustin/go-humanize v1.0.1 h1:GzkhY7T5VNhEkwH0PVJgjz+fX1rhBrR7pRT3mDkpeCY=
github.com/dustin/go-humanize v1.0.1/go.mod h1:Mu1zIs6XwVuF/gI1OepvI0qD18qycQx+mFykh5fBlto=
github.com/fxamacker/cbor/v2 v2.7.0 h1:iM5WgngdRBanHcxugY4JySA0nk1wZorNOpTgCMedv5E=
github.com/fxamacker/cbor/v2 v2.7.0/go.mod h1:pxXPTn3joSm21Gbwsv0w9OSA2y1HFR9qXEeXQVeNoDQ=
github.com/glebarez/go-sqlite v1.22.0 h1:uAcMJhaA6r3LHMTFgP0SifzgXg46yJkgxqyuyec+ruQ=
github.com/glebarez/go-sqlite v1.22.0/go.mod h1:PlBIdHe0+aUEFn+r2/uthrWq4FxbzugL0L8Li6yQJbc=
github.com/gogo/protobuf v1.3.2 h1:Ov1cvc58UF3b5XjBnZv7+opcTcQFZebYjWzi34vdm4Q=
github.com/gogo/protobuf v1.3.2/go.mod h1:P1XiOD3dCwIKUDQYPy72D8LYyHL2YPYrpS2s69NZV8Q=
github.com/google/go-cmp v0.6.0 h1:ofyhxvXcZhMsU5ulbFiLKl/XBFqE1GSq7atu8tAmTRI=
github.com/google/go-cmp v0.6.0/go.mod h1:17dUlkBOakJ0+DkrSSNjCkIjxS6bF9zb3elmeNGIjoY=
github.com/google/pprof v0.0.0-20230207041349-798e818bf904 h1:4/hN5RUoecvl+RmJRE2YxKWtnnQls6rQjjW5oV7qg2U=
github.com/google/pprof v0.0.0-20230207041349-798e818bf904/go.mod h1:uglQLonpP8qtYCYyzA+8c/9qtqgA3qsXGYqCPKARAFg=
github.com/google/pprof v0.0.0-20240409012703-83162a5b38cd h1:gbpYu9NMq8jhDVbvlGkMFWCjLFlqqEZjEmObmhUy6Vo=
github.com/google/pprof v0.0.0-20240409012703-83162a5b38cd/go.mod h1:kf6iHlnVGwgKolg33glAes7Yg/8iWP8ukqeldJSO7jw=
github.com/google/renameio v0.1.0/go.mod h1:KWCgfxg9yswjAJkECMjeO8J8rahYeXnNhOm40UhjYkI=
github.com/google/uuid v1.6.0 h1:NIvaJDMOsjHA8n1jAhLSgzrAzy1Hgr+hNrb57e+94F0=
github.com/google/uuid v1.6.0/go.mod h1:TIyPZe4MgqvfeYDBFedMoGGpEw/LqOeaOT+nhxU+yHo=
github.com/hashicorp/errwrap v1.0.0 h1:hLrqtEDnRye3+sgx6z4qVLNuviH3MR5aQ0ykNJa/UYA=
github.com/hashicorp/errwrap v1.0.0/go.mod h1:YH+1FKiLXxHSkmPseP+kNlulaMuP3n2brvKWEqk/Jc4=
github.com/hashicorp/errwrap v1.1.0 h1:OxrOeh75EUXMY8TBjag2fzXGZ40LB6IKw45YeGUDY2I=
github.com/hashicorp/errwrap v1.1.0/go.mod h1:YH+1FKiLXxHSkmPseP+kNlulaMuP3n2brvKWEqk/Jc4=
github.com/hashicorp/go-multierror v1.1.1 h1:H5DkEtf6CXdFp0N0Em5UCwQpXMWke8IA0+lD48awMYo=
github.com/hashicorp/go-multierror v1.1.1/go.mod h1:iw975J/qwKPdAO1clOe2L8331t/9/fmwbPZ6JB6eMoM=
github.com/ipfs/go-log v1.0.5 h1:2dOuUCB1Z7uoczMWgAyDck5JLb72zHzrMnGnCNNbvY8=
github.com/ipfs/go-log v1.0.5/go.mod h1:j0b8ZoR+7+R99LD9jZ6+AJsrzkPbSXbZfGakb5JPtIo=
github.com/ipfs/go-log/v2 v2.1.3 h1:1iS3IU7aXRlbgUpN8yTTpJ53NXYjAe37vcI5+5nYrzk=
github.com/ipfs/go-log/v2 v2.1.3/go.mod h1:/8d0SH3Su5Ooc31QlL1WysJhvyOTDCjcCZ9Axpmri6g=
github.com/ipfs/go-log/v2 v2.5.1 h1:1XdUzF7048prq4aBjDQQ4SL5RxftpRGdXhNRwKSAlcY=
github.com/ipfs/go-log/v2 v2.5.1/go.mod h1:prSpmC1Gpllc9UYWxDiZDreBYw7zp4Iqp1kOLU9U5UI=
github.com/jinzhu/inflection v1.0.0 h1:K317FqzuhWc8YvSVlFMCCUb36O/S9MCKRDI7QkRKD/E=
github.com/jinzhu/inflection v1.0.0/go.mod h1:h+uFLlag+Qp1Va5pdKtLDYj+kHp5pxUVkryuEj+Srlc=
github.com/jinzhu/now v1.1.5 h1:/o9tlHleP7gOFmsnYNz3RGnqzefHA47wQpKrrdTIwXQ=
github.com/jinzhu/now v1.1.5/go.mod h1:d3SSVoowX0Lcu0IBviAWJpolVfI5UJVZZ7cO71lE/z8=
github.com/kisielk/errcheck v1.5.0/go.mod h1:pFxgyoBC7bSaBwPgfKdkLd5X25qrDl4LWUI2bnpBCr8=
github.com/kisielk/gotool v1.0.0/go.mod h1:XhKaO+MFFWcvkIS/tQcRk01m1F5IRFswLeQ+oQHNcck=
github.com/kr/pretty v0.1.0/go.mod h1:dAy3ld7l9f0ibDNOQOHHMYYIIbhfbHSm3C4ZsoJORNo=
github.com/kr/pty v1.1.1/go.mod h1:pFQYn66WHrOpPYNljwOMqo10TkYh1fy3cYio2l3bCsQ=
github.com/kr/text v0.1.0/go.mod h1:4Jbv+DJW3UT/LiOwJeYQe1efqtUx/iVham/4vfdArNI=
github.com/mattn/go-isatty v0.0.14/go.mod h1:7GGIvUiUoEMVVmxf/4nioHXj79iQHKdU27kJ6hsGG94=
github.com/mattn/go-isatty v0.0.20 h1:xfD0iDuEKnDkl03q4limB+vH+GxLEtL/jb4xVJSWWEY=
github.com/mattn/go-isatty v0.0.20/go.mod h1:W+V8PltTTMOvKvAeJH7IuucS94S2C6jfK/D7dTCTo3Y=
github.com/mattn/go-sqlite3 v1.14.22 h1:2gZY6PC6kBnID23Tichd1K+Z0oS6nE/XwU+Vz/5o4kU=
github.com/mattn/go-sqlite3 v1.14.22/go.mod h1:Uh1q+B4BYcTPb+yiD3kU8Ct7aC0hY9fxUwlHK0RXw+Y=
github.com/mattn/go-sqlite3 v1.14.24 h1:tpSp2G2KyMnnQu99ngJ47EIkWVmliIizyZBfPrBWDRM=
github.com/mattn/go-sqlite3 v1.14.24/go.mod h1:Uh1q+B4BYcTPb+yiD3kU8Ct7aC0hY9fxUwlHK0RXw+Y=
github.com/ncruces/go-strftime v0.1.9 h1:bY0MQC28UADQmHmaF5dgpLmImcShSi2kHU9XLdhx/f4=
github.com/ncruces/go-strftime v0.1.9/go.mod h1:Fwc5htZGVVkseilnfgOVb9mKy6w1naJmn9CehxcKcls=
github.com/opentracing/opentracing-go v1.2.0 h1:uEJPy/1a5RIPAJ0Ov+OIO8OxWu77jEv+1B0VhjKrZUs=
github.com/opentracing/opentracing-go v1.2.0/go.mod h1:GxEUsuufX4nBwe+T+Wl9TAgYrxe9dPLANfrWvHYVTgc=
github.com/pkg/errors v0.8.1/go.mod h1:bwawxfHBFNV+L2hUp1rHADufV3IMtnDRdf1r5NINEl0=
github.com/pkg/errors v0.9.1 h1:FEBLx1zS214owpjy7qsBeixbURkuhQAwrK5UwLGTwt4=
github.com/pkg/errors v0.9.1/go.mod h1:bwawxfHBFNV+L2hUp1rHADufV3IMtnDRdf1r5NINEl0=
github.com/pmezard/go-difflib v1.0.0 h1:4DBwDE0NGyQoBHbLQYPwSUPoCMWR5BEzIk/f1lZbAQM=
github.com/pmezard/go-difflib v1.0.0/go.mod h1:iKH77koFhYxTK1pcRnkKkqfTogsbg7gZNVY4sRDYZ/4=
github.com/remyoudompheng/bigfft v0.0.0-20230129092748-24d4a6f8daec h1:W09IVJc94icq4NjY3clb7Lk8O1qJ8BdBEF8z0ibU0rE=
github.com/remyoudompheng/bigfft v0.0.0-20230129092748-24d4a6f8daec/go.mod h1:qqbHyh8v60DhA7CoWK5oRCqLrMHRGoxYCSS9EjAz6Eo=
github.com/rogpeppe/go-internal v1.3.0/go.mod h1:M8bDsm7K2OlrFYOpmOWEs/qY81heoFRclV5y23lUDJ4=
github.com/stretchr/objx v0.1.0/go.mod h1:HFkY916IF+rwdDfMAkV7OtwuqBVzrE8GR6GFx+wExME=
github.com/stretchr/testify v1.3.0/go.mod h1:M5WIy9Dh21IEIfnGCwXGc5bZfKNJtfHm1UVUgZn+9EI=
github.com/stretchr/testify v1.4.0/go.mod h1:j7eGeouHqKxXV5pUuKE4zz7dFj8WfuZ+81PSLYec5m4=
github.com/stretchr/testify v1.7.0/go.mod h1:6Fq8oRcR53rry900zMqJjRRixrwX3KX962/h/Wwjteg=
github.com/stretchr/testify v1.9.0 h1:HtqpIVDClZ4nwg75+f6Lvsy/wHu+3BoSGCbBAcpTsTg=
github.com/stretchr/testify v1.9.0/go.mod h1:r2ic/lqez/lEtzL7wO/rwa5dbSLXVDPFyf8C91i36aY=
github.com/x448/float16 v0.8.4 h1:qLwI1I70+NjRFUR3zs1JPUCgaCXSh3SW62uAKT1mSBM=
github.com/x448/float16 v0.8.4/go.mod h1:14CWIYCyZA/cWjXOioeEpHeN/83MdbZDRQHoFcYsOfg=
github.com/yuin/goldmark v1.1.27/go.mod h1:3hX8gzYuyVAZsxl0MRgGTJEmQBFcNTphYh9decYSb74=
github.com/yuin/goldmark v1.2.1/go.mod h1:3hX8gzYuyVAZsxl0MRgGTJEmQBFcNTphYh9decYSb74=
github.com/yuin/goldmark v1.3.5/go.mod h1:mwnBkeHKe2W/ZEtQ+71ViKU8L12m81fl3OWwC1Zlc8k=
go.etcd.io/bbolt v1.3.10 h1:+BqfJTcCzTItrop8mq/lbzL8wSGtj94UO/3U31shqG0=
go.etcd.io/bbolt v1.3.10/go.mod h1:bK3UQLPJZly7IlNmV7uVHJDxfe5aK9Ll93e/74Y9oEQ=
go.etcd.io/bbolt v1.3.11 h1:yGEzV1wPz2yVCLsD8ZAiGHhHVlczyC9d1rP43/VCRJ0=
go.etcd.io/bbolt v1.3.11/go.mod h1:dksAq7YMXoljX0xu6VF5DMZGbhYYoLUalEiSySYAS4I=
go.uber.org/atomic v1.6.0/go.mod h1:sABNBOSYdrvTF6hTgEIbc7YasKWGhgEQZyfxyTvoXHQ=
go.uber.org/atomic v1.7.0 h1:ADUqmZGgLDDfbSL9ZmPxKTybcoEYHgpYfELNoN+7hsw=
go.uber.org/atomic v1.7.0/go.mod h1:fEN4uk6kAWBTFdckzkM89CLk9XfWZrxpCo0nPH17wJc=
go.uber.org/atomic v1.11.0 h1:ZvwS0R+56ePWxUNi+Atn9dWONBPp/AUETXlHW0DxSjE=
go.uber.org/atomic v1.11.0/go.mod h1:LUxbIzbOniOlMKjJjyPfpl4v+PKK2cNJn91OQbhoJI0=
go.uber.org/goleak v1.1.11-0.20210813005559-691160354723/go.mod h1:cwTWslyiVhfpKIDGSZEM2HlOvcqm+tG4zioyIeLoqMQ=
go.uber.org/multierr v1.5.0/go.mod h1:FeouvMocqHpRaaGuG9EjoKcStLC43Zu/fmqdUMPcKYU=
go.uber.org/multierr v1.6.0 h1:y6IPFStTAIT5Ytl7/XYmHvzXQ7S3g/IeZW9hyZ5thw4=
go.uber.org/multierr v1.6.0/go.mod h1:cdWPpRnG4AhwMwsgIHip0KRBQjJy5kYEpYjJxpXp9iU=
go.uber.org/multierr v1.11.0 h1:blXXJkSxSSfBVBlC76pxqeO+LN3aDfLQo+309xJstO0=
go.uber.org/multierr v1.11.0/go.mod h1:20+QtiLqy0Nd6FdQB9TLXag12DsQkrbs3htMFfDN80Y=
go.uber.org/tools v0.0.0-20190618225709-2cfd321de3ee/go.mod h1:vJERXedbb3MVM5f9Ejo0C68/HhF8uaILCdgjnY+goOA=
go.uber.org/zap v1.16.0 h1:uFRZXykJGK9lLY4HtgSw44DnIcAM+kRBP7x5m+NpAOM=
go.uber.org/zap v1.16.0/go.mod h1:MA8QOfq0BHJwdXa996Y4dYkAqRKB8/1K1QMMZVaNZjQ=
go.uber.org/zap v1.19.1/go.mod h1:j3DNczoxDZroyBnOT1L/Q79cfUMGZxlv/9dzN7SM1rI=
go.uber.org/zap v1.27.0 h1:aJMhYGrd5QSmlpLMr2MftRKl7t8J8PTZPA732ud/XR8=
go.uber.org/zap v1.27.0/go.mod h1:GB2qFLM7cTU87MWRP2mPIjqfIDnGu+VIO4V/SdhGo2E=
golang.org/x/crypto v0.0.0-20190308221718-c2843e01d9a2/go.mod h1:djNgcEr1/C05ACkg1iLfiJU5Ep61QUkGW8qpdssI0+w=
golang.org/x/crypto v0.0.0-20190510104115-cbcb75029529/go.mod h1:yigFU9vqHzYiE8UmvKecakEJjdnWj3jj499lnFckfCI=
golang.org/x/crypto v0.0.0-20191011191535-87dc89f01550/go.mod h1:yigFU9vqHzYiE8UmvKecakEJjdnWj3jj499lnFckfCI=
golang.org/x/crypto v0.0.0-20200622213623-75b288015ac9/go.mod h1:LzIPMQfyMNhhGPhUkYOs5KpL4U8rLKemX1yGLhDgUto=
golang.org/x/crypto v0.28.0 h1:GBDwsMXVQi34v5CCYUm2jkJvu4cbtru2U4TN2PSyQnw=
golang.org/x/crypto v0.28.0/go.mod h1:rmgy+3RHxRZMyY0jjAJShp2zgEdOqj2AO7U0pYmeQ7U=
golang.org/x/crypto v0.29.0 h1:L5SG1JTTXupVV3n6sUqMTeWbjAyfPwoda2DLX8J8FrQ=
golang.org/x/crypto v0.29.0/go.mod h1:+F4F4N5hv6v38hfeYwTdx20oUvLLc+QfrE9Ax9HtgRg=
golang.org/x/crypto v0.32.0 h1:euUpcYgM8WcP71gNpTqQCn6rC2t6ULUPiOzfWaXVVfc=
golang.org/x/crypto v0.32.0/go.mod h1:ZnnJkOaASj8g0AjIduWNlq2NRxL0PlBrbKVyZ6V/Ugc=
golang.org/x/exp v0.0.0-20241009180824-f66d83c29e7c h1:7dEasQXItcW1xKJ2+gg5VOiBnqWrJc+rq0DPKyvvdbY=
golang.org/x/exp v0.0.0-20241009180824-f66d83c29e7c/go.mod h1:NQtJDoLvd6faHhE7m4T/1IY708gDefGGjR/iUW8yQQ8=
golang.org/x/exp v0.0.0-20241108190413-2d47ceb2692f h1:XdNn9LlyWAhLVp6P/i8QYBW+hlyhrhei9uErw2B5GJo=
golang.org/x/exp v0.0.0-20241108190413-2d47ceb2692f/go.mod h1:D5SMRVC3C2/4+F/DB1wZsLRnSNimn2Sp/NPsCrsv8ak=
golang.org/x/exp v0.0.0-20250106191152-7588d65b2ba8 h1:yqrTHse8TCMW1M1ZCP+VAR/l0kKxwaAIqN/il7x4voA=
golang.org/x/exp v0.0.0-20250106191152-7588d65b2ba8/go.mod h1:tujkw807nyEEAamNbDrEGzRav+ilXA7PCRAd6xsmwiU=
golang.org/x/lint v0.0.0-20190930215403-16217165b5de h1:5hukYrvBGR8/eNkX5mdUezrA6JiaEZDtJb9Ei+1LlBs=
golang.org/x/lint v0.0.0-20190930215403-16217165b5de/go.mod h1:6SW0HCj/g11FgYtHlgUYUwCkIfeOF89ocIRzGO/8vkc=
golang.org/x/mobile v0.0.0-20241108191957-fa514ef75a0f h1:23H/YlmTHfmmvpZ+ajKZL0qLz0+IwFOIqQA0mQbmLeM=
golang.org/x/mobile v0.0.0-20241108191957-fa514ef75a0f/go.mod h1:UbSUP4uu/C9hw9R2CkojhXlAxvayHjBdU9aRvE+c1To=
golang.org/x/mod v0.0.0-20190513183733-4bf6d317e70e/go.mod h1:mXi4GBBbnImb6dmsKGUJ2LatrhH/nqhxcFungHvyanc=
golang.org/x/mod v0.2.0/go.mod h1:s0Qsj1ACt9ePp/hMypM3fl4fZqREWJwdYDEqhRiZZUA=
golang.org/x/mod v0.3.0/go.mod h1:s0Qsj1ACt9ePp/hMypM3fl4fZqREWJwdYDEqhRiZZUA=
golang.org/x/mod v0.4.2/go.mod h1:s0Qsj1ACt9ePp/hMypM3fl4fZqREWJwdYDEqhRiZZUA=
golang.org/x/mod v0.20.0 h1:utOm6MM3R3dnawAiJgn0y+xvuYRsm1RKM/4giyfDgV0=
golang.org/x/mod v0.20.0/go.mod h1:hTbmBsO62+eylJbnUtE2MGJUyE7QWk4xUqPFrRgJ+7c=
golang.org/x/mod v0.22.0 h1:D4nJWe9zXqHOmWqj4VMOJhvzj7bEZg4wEYa759z1pH4=
golang.org/x/mod v0.22.0/go.mod h1:6SkKJ3Xj0I0BrPOZoBy3bdMptDDU9oJrpohJ3eWZ1fY=
golang.org/x/net v0.0.0-20190311183353-d8887717615a/go.mod h1:t9HGtf8HONx5eT2rtn7q6eTqICYqUVnKs3thJo3Qplg=
golang.org/x/net v0.0.0-20190404232315-eb5bcb51f2a3/go.mod h1:t9HGtf8HONx5eT2rtn7q6eTqICYqUVnKs3thJo3Qplg=
golang.org/x/net v0.0.0-20190620200207-3b0461eec859/go.mod h1:z5CRVTTTmAJ677TzLLGU+0bjPO0LkuOLi4/5GtJWs/s=
golang.org/x/net v0.0.0-20200226121028-0de0cce0169b/go.mod h1:z5CRVTTTmAJ677TzLLGU+0bjPO0LkuOLi4/5GtJWs/s=
golang.org/x/net v0.0.0-20201021035429-f5854403a974/go.mod h1:sp8m0HH+o8qH0wwXwYZr8TS3Oi6o0r6Gce1SSxlDquU=
golang.org/x/net v0.0.0-20210405180319-a5a99cb37ef4/go.mod h1:p54w0d4576C0XHj96bSt6lcn1PtDYWL6XObtHCRCNQM=
golang.org/x/sync v0.0.0-20190423024810-112230192c58/go.mod h1:RxMgew5VJxzue5/jJTE5uejpjVlOe/izrB70Jof72aM=
golang.org/x/sync v0.0.0-20190911185100-cd5d95a43a6e/go.mod h1:RxMgew5VJxzue5/jJTE5uejpjVlOe/izrB70Jof72aM=
golang.org/x/sync v0.0.0-20201020160332-67f06af15bc9/go.mod h1:RxMgew5VJxzue5/jJTE5uejpjVlOe/izrB70Jof72aM=
golang.org/x/sync v0.0.0-20210220032951-036812b2e83c/go.mod h1:RxMgew5VJxzue5/jJTE5uejpjVlOe/izrB70Jof72aM=
golang.org/x/sync v0.8.0 h1:3NFvSEYkUoMifnESzZl15y791HH1qU2xm6eCJU5ZPXQ=
golang.org/x/sync v0.8.0/go.mod h1:Czt+wKu1gCyEFDUtn0jG5QVvpJ6rzVqr5aXyt9drQfk=
golang.org/x/sync v0.9.0 h1:fEo0HyrW1GIgZdpbhCRO0PkJajUS5H9IFUztCgEo2jQ=
golang.org/x/sync v0.9.0/go.mod h1:Czt+wKu1gCyEFDUtn0jG5QVvpJ6rzVqr5aXyt9drQfk=
golang.org/x/sync v0.10.0/go.mod h1:Czt+wKu1gCyEFDUtn0jG5QVvpJ6rzVqr5aXyt9drQfk=
golang.org/x/sys v0.0.0-20190215142949-d0b11bdaac8a/go.mod h1:STP8DvDyc/dI5b8T5hshtkjS+E42TnysNCUPdjciGhY=
golang.org/x/sys v0.0.0-20190412213103-97732733099d/go.mod h1:h1NjWce9XRLGQEsW7wpKNCjG9DtNlClVuFLEZdDNbEs=
golang.org/x/sys v0.0.0-20200930185726-fdedc70b468f/go.mod h1:h1NjWce9XRLGQEsW7wpKNCjG9DtNlClVuFLEZdDNbEs=
golang.org/x/sys v0.0.0-20201119102817-f84b799fce68/go.mod h1:h1NjWce9XRLGQEsW7wpKNCjG9DtNlClVuFLEZdDNbEs=
golang.org/x/sys v0.0.0-20210330210617-4fbd30eecc44/go.mod h1:h1NjWce9XRLGQEsW7wpKNCjG9DtNlClVuFLEZdDNbEs=
golang.org/x/sys v0.0.0-20210510120138-977fb7262007/go.mod h1:oPkhp1MJrh7nUepCBck5+mAzfO9JrbApNNgaTdGDITg=
golang.org/x/sys v0.0.0-20210630005230-0f9fa26af87c/go.mod h1:oPkhp1MJrh7nUepCBck5+mAzfO9JrbApNNgaTdGDITg=
golang.org/x/sys v0.6.0/go.mod h1:oPkhp1MJrh7nUepCBck5+mAzfO9JrbApNNgaTdGDITg=
golang.org/x/sys v0.26.0 h1:KHjCJyddX0LoSTb3J+vWpupP9p0oznkqVk/IfjymZbo=
golang.org/x/sys v0.26.0/go.mod h1:/VUhepiaJMQUp4+oa/7Zr1D23ma6VTLIYjOOTFZPUcA=
golang.org/x/sys v0.27.0 h1:wBqf8DvsY9Y/2P8gAfPDEYNuS30J4lPHJxXSb/nJZ+s=
golang.org/x/sys v0.27.0/go.mod h1:/VUhepiaJMQUp4+oa/7Zr1D23ma6VTLIYjOOTFZPUcA=
golang.org/x/sys v0.29.0 h1:TPYlXGxvx1MGTn2GiZDhnjPA9wZzZeGKHHmKhHYvgaU=
golang.org/x/sys v0.29.0/go.mod h1:/VUhepiaJMQUp4+oa/7Zr1D23ma6VTLIYjOOTFZPUcA=
golang.org/x/term v0.0.0-20201126162022-7de9c90e9dd1/go.mod h1:bj7SfCRtBDWHUb9snDiAeCFNEtKQo2Wmx5Cou7ajbmo=
golang.org/x/text v0.3.0/go.mod h1:NqM8EUOU14njkJ3fqMW+pc6Ldnwhi/IjpwHt7yyuwOQ=
golang.org/x/text v0.3.3/go.mod h1:5Zoc/QRtKVWzQhOtBMvqHzDpF6irO9z98xDceosuGiQ=
golang.org/x/text v0.19.0 h1:kTxAhCbGbxhK0IwgSKiMO5awPoDQ0RpfiVYBfK860YM=
golang.org/x/text v0.19.0/go.mod h1:BuEKDfySbSR4drPmRPG/7iBdf8hvFMuRexcpahXilzY=
golang.org/x/text v0.20.0 h1:gK/Kv2otX8gz+wn7Rmb3vT96ZwuoxnQlY+HlJVj7Qug=
golang.org/x/text v0.20.0/go.mod h1:D4IsuqiFMhST5bX19pQ9ikHC2GsaKyk/oF+pn3ducp4=
golang.org/x/text v0.21.0 h1:zyQAAkrwaneQ066sspRyJaG9VNi/YJ1NfzcGB3hZ/qo=
golang.org/x/text v0.21.0/go.mod h1:4IBbMaMmOPCJ8SecivzSH54+73PCFmPWxNTLm+vZkEQ=
golang.org/x/tools v0.0.0-20180917221912-90fa682c2a6e/go.mod h1:n7NCudcB/nEzxVGmLbDWY5pfWTLqBcC2KZ6jyYvM4mQ=
golang.org/x/tools v0.0.0-20190311212946-11955173bddd/go.mod h1:LCzVGOaR6xXOjkQ3onu1FJEFr0SW1gC7cKk1uF8kGRs=
golang.org/x/tools v0.0.0-20190621195816-6e04913cbbac/go.mod h1:/rFqwRUd4F7ZHNgwSSTFct+R/Kf4OFW1sUzUTQQTgfc=
golang.org/x/tools v0.0.0-20191029041327-9cc4af7d6b2c/go.mod h1:b+2E5dAYhXwXZwtnZ6UAqBI28+e2cm9otk0dWdXHAEo=
golang.org/x/tools v0.0.0-20191029190741-b9c20aec41a5/go.mod h1:b+2E5dAYhXwXZwtnZ6UAqBI28+e2cm9otk0dWdXHAEo=
golang.org/x/tools v0.0.0-20191119224855-298f0cb1881e/go.mod h1:b+2E5dAYhXwXZwtnZ6UAqBI28+e2cm9otk0dWdXHAEo=
golang.org/x/tools v0.0.0-20200619180055-7c47624df98f/go.mod h1:EkVYQZoAsY45+roYkvgYkIh4xh/qjgUK9TdY2XT94GE=
golang.org/x/tools v0.0.0-20210106214847-113979e3529a/go.mod h1:emZCQorbCU4vsT4fOWvOPXz4eW1wZW4PmDk9uLelYpA=
golang.org/x/tools v0.1.5/go.mod h1:o0xws9oXOQQZyjljx8fwUC0k7L1pTE6eaCbjGeHmOkk=
golang.org/x/tools v0.24.0 h1:J1shsA93PJUEVaUSaay7UXAyE8aimq3GW0pjlolpa24=
golang.org/x/tools v0.24.0/go.mod h1:YhNqVBIfWHdzvTLs0d8LCuMhkKUgSUKldakyV7W/WDQ=
golang.org/x/tools v0.26.0/go.mod h1:TPVVj70c7JJ3WCazhD8OdXcZg/og+b9+tH/KxylGwH0=
golang.org/x/tools v0.27.0 h1:qEKojBykQkQ4EynWy4S8Weg69NumxKdn40Fce3uc/8o=
golang.org/x/tools v0.27.0/go.mod h1:sUi0ZgbwW9ZPAq26Ekut+weQPR5eIM6GQLQ1Yjm1H0Q=
golang.org/x/tools v0.29.0 h1:Xx0h3TtM9rzQpQuR4dKLrdglAmCEN5Oi+P74JdhdzXE=
golang.org/x/tools v0.29.0/go.mod h1:KMQVMRsVxU6nHCFXrBPhDB8XncLNLM0lIy/F14RP588=
golang.org/x/xerrors v0.0.0-20190717185122-a985d3407aa7/go.mod h1:I/5z698sn9Ka8TeJc9MKroUUfqBBauWjQqLJ2OPfmY0=
golang.org/x/xerrors v0.0.0-20191011141410-1b5146add898/go.mod h1:I/5z698sn9Ka8TeJc9MKroUUfqBBauWjQqLJ2OPfmY0=
golang.org/x/xerrors v0.0.0-20191204190536-9bdfabe68543/go.mod h1:I/5z698sn9Ka8TeJc9MKroUUfqBBauWjQqLJ2OPfmY0=
golang.org/x/xerrors v0.0.0-20200804184101-5ec99f83aff1/go.mod h1:I/5z698sn9Ka8TeJc9MKroUUfqBBauWjQqLJ2OPfmY0=
google.golang.org/protobuf v1.33.0 h1:uNO2rsAINq/JlFpSdYEKIZ0uKD/R9cpdv0T+yoGwGmI=
google.golang.org/protobuf v1.33.0/go.mod h1:c6P6GXX6sHbq/GpV6MGZEdwhWPcYBgnhAHhKbcUYpos=
google.golang.org/protobuf v1.35.1 h1:m3LfL6/Ca+fqnjnlqQXNpFPABW1UD7mjh8KO2mKFytA=
google.golang.org/protobuf v1.35.1/go.mod h1:9fA7Ob0pmnwhb644+1+CVWFRbNajQ6iRojtC/QF5bRE=
google.golang.org/protobuf v1.35.2 h1:8Ar7bF+apOIoThw1EdZl0p1oWvMqTHmpA2fRTyZO8io=
google.golang.org/protobuf v1.35.2/go.mod h1:9fA7Ob0pmnwhb644+1+CVWFRbNajQ6iRojtC/QF5bRE=
google.golang.org/protobuf v1.36.2 h1:R8FeyR1/eLmkutZOM5CWghmo5itiG9z0ktFlTVLuTmU=
google.golang.org/protobuf v1.36.2/go.mod h1:9fA7Ob0pmnwhb644+1+CVWFRbNajQ6iRojtC/QF5bRE=
gopkg.in/check.v1 v0.0.0-20161208181325-20d25e280405/go.mod h1:Co6ibVJAznAaIkqp8huTwlJQCZ016jof/cbN4VW5Yz0=
gopkg.in/check.v1 v1.0.0-20180628173108-788fd7840127/go.mod h1:Co6ibVJAznAaIkqp8huTwlJQCZ016jof/cbN4VW5Yz0=
gopkg.in/errgo.v2 v2.1.0/go.mod h1:hNsd1EY+bozCKY1Ytp96fpM3vjJbqLJn88ws8XvfDNI=
gopkg.in/yaml.v2 v2.2.2/go.mod h1:hI93XBmqTisBFMUTm0b8Fm+jr3Dg1NNxqwp+5A1VGuI=
gopkg.in/yaml.v2 v2.2.8/go.mod h1:hI93XBmqTisBFMUTm0b8Fm+jr3Dg1NNxqwp+5A1VGuI=
gopkg.in/yaml.v2 v2.4.0 h1:D8xgwECY7CYvx+Y2n4sBz93Jn9JRvxdiyyo8CTfuKaY=
gopkg.in/yaml.v2 v2.4.0/go.mod h1:RDklbk79AGWmwhnvt/jBztapEOGDOx6ZbXqjP6csGnQ=
gopkg.in/yaml.v3 v3.0.0-20200313102051-9f266ea9e77c/go.mod h1:K4uyk7z7BCEPqu6E+C64Yfv1cQ7kz7rIZviUmN+EgEM=
gopkg.in/yaml.v3 v3.0.0-20210107192922-496545a6307b/go.mod h1:K4uyk7z7BCEPqu6E+C64Yfv1cQ7kz7rIZviUmN+EgEM=
gopkg.in/yaml.v3 v3.0.1 h1:fxVm/GzAzEWqLHuvctI91KS9hhNmmWOoWu0XTYJS7CA=
gopkg.in/yaml.v3 v3.0.1/go.mod h1:K4uyk7z7BCEPqu6E+C64Yfv1cQ7kz7rIZviUmN+EgEM=
gorm.io/driver/sqlite v1.5.6 h1:fO/X46qn5NUEEOZtnjJRWRzZMe8nqJiQ9E+0hi+hKQE=
gorm.io/driver/sqlite v1.5.6/go.mod h1:U+J8craQU6Fzkcvu8oLeAQmi50TkwPEhHDEjQZXDah4=
gorm.io/driver/sqlite v1.5.7 h1:8NvsrhP0ifM7LX9G4zPB97NwovUakUxc+2V2uuf3Z1I=
gorm.io/driver/sqlite v1.5.7/go.mod h1:U+J8craQU6Fzkcvu8oLeAQmi50TkwPEhHDEjQZXDah4=
gorm.io/gorm v1.25.11 h1:/Wfyg1B/je1hnDx3sMkX+gAlxrlZpn6X0BXRlwXlvHg=
gorm.io/gorm v1.25.11/go.mod h1:xh7N7RHfYlNc5EmcI/El95gXusucDrQnHXe0+CgWcLQ=
gorm.io/gorm v1.25.12 h1:I0u8i2hWQItBq1WfE0o2+WuL9+8L21K9e2HHSTE/0f8=
gorm.io/gorm v1.25.12/go.mod h1:xh7N7RHfYlNc5EmcI/El95gXusucDrQnHXe0+CgWcLQ=
honnef.co/go/tools v0.0.1-2019.2.3 h1:3JgtbtFHMiCmsznwGVTUWbgGov+pVqnlf1dEJTNAXeM=
honnef.co/go/tools v0.0.1-2019.2.3/go.mod h1:a3bituU0lyd329TUQxRnasdCoJDkEUEAqEt0JzvZhAg=
modernc.org/libc v1.37.6 h1:orZH3c5wmhIQFTXF+Nt+eeauyd+ZIt2BX6ARe+kD+aw=
modernc.org/libc v1.37.6/go.mod h1:YAXkAZ8ktnkCKaN9sw/UDeUVkGYJ/YquGO4FTi5nmHE=
modernc.org/libc v1.61.0 h1:eGFcvWpqlnoGwzZeZe3PWJkkKbM/3SUGyk1DVZQ0TpE=
modernc.org/libc v1.61.0/go.mod h1:DvxVX89wtGTu+r72MLGhygpfi3aUGgZRdAYGCAVVud0=
modernc.org/libc v1.61.2 h1:dkO4DlowfClcJYsvf/RiK6fUwvzCQTmB34bJLt0CAGQ=
modernc.org/libc v1.61.2/go.mod h1:4QGjNyX3h+rn7V5oHpJY2yH0QN6frt1X+5BkXzwLPCo=
modernc.org/libc v1.61.7 h1:exz8rasFniviSgh3dH7QBnQHqYh9lolA5hVYfsiwkfo=
modernc.org/libc v1.61.7/go.mod h1:xspSrXRNVSfWfcfqgvZDVe/Hw5kv4FVC6IRfoms5v/0=
modernc.org/mathutil v1.6.0 h1:fRe9+AmYlaej+64JsEEhoWuAYBkOtQiMEU7n/XgfYi4=
modernc.org/mathutil v1.6.0/go.mod h1:Ui5Q9q1TR2gFm0AQRqQUaBWFLAhQpCwNcuhBOSedWPo=
modernc.org/mathutil v1.7.1 h1:GCZVGXdaN8gTqB1Mf/usp1Y/hSqgI2vAGGP4jZMCxOU=
modernc.org/mathutil v1.7.1/go.mod h1:4p5IwJITfppl0G4sUEDtCr4DthTaT47/N3aT6MhfgJg=
modernc.org/memory v1.7.2 h1:Klh90S215mmH8c9gO98QxQFsY+W451E8AnzjoE2ee1E=
modernc.org/memory v1.7.2/go.mod h1:NO4NVCQy0N7ln+T9ngWqOQfi7ley4vpwvARR+Hjw95E=
modernc.org/memory v1.8.0 h1:IqGTL6eFMaDZZhEWwcREgeMXYwmW83LYW8cROZYkg+E=
modernc.org/memory v1.8.0/go.mod h1:XPZ936zp5OMKGWPqbD3JShgd/ZoQ7899TUuQqxY+peU=
modernc.org/memory v1.8.1 h1:HS1HRg1jEohnuONobEq2WrLEhLyw8+J42yLFTnllm2A=
modernc.org/memory v1.8.1/go.mod h1:ZbjSvMO5NQ1A2i3bWeDiVMxIorXwdClKE/0SZ+BMotU=
modernc.org/sqlite v1.28.0 h1:Zx+LyDDmXczNnEQdvPuEfcFVA2ZPyaD7UCZDjef3BHQ=
modernc.org/sqlite v1.28.0/go.mod h1:Qxpazz0zH8Z1xCFyi5GSL3FzbtZ3fvbjmywNogldEW0=
modernc.org/sqlite v1.33.1 h1:trb6Z3YYoeM9eDL1O8do81kP+0ejv+YzgyFo+Gwy0nM=
modernc.org/sqlite v1.33.1/go.mod h1:pXV2xHxhzXZsgT/RtTFAPY6JJDEvOTcTdwADQCCWD4k=
modernc.org/sqlite v1.34.1 h1:u3Yi6M0N8t9yKRDwhXcyp1eS5/ErhPTBggxWFuR6Hfk=
modernc.org/sqlite v1.34.1/go.mod h1:pXV2xHxhzXZsgT/RtTFAPY6JJDEvOTcTdwADQCCWD4k=
modernc.org/sqlite v1.34.4 h1:sjdARozcL5KJBvYQvLlZEmctRgW9xqIZc2ncN7PU0P8=
modernc.org/sqlite v1.34.4/go.mod h1:3QQFCG2SEMtc2nv+Wq4cQCH7Hjcg+p/RMlS1XK+zwbk=
nhooyr.io/websocket v1.8.11 h1:f/qXNc2/3DpoSZkHt1DQu6rj4zGC8JmkkLkWss0MgN0=
nhooyr.io/websocket v1.8.11/go.mod h1:rN9OFWIUwuxg4fR5tELlYC04bXYowCP9GX47ivo2l+c=
nhooyr.io/websocket v1.8.17 h1:KEVeLJkUywCKVsnLIDlD/5gtayKp8VoCkksHCGGfT9Y=
nhooyr.io/websocket v1.8.17/go.mod h1:rN9OFWIUwuxg4fR5tELlYC04bXYowCP9GX47ivo2l+c=
